
Microsoft Visual Studio Solution File, Format Version 12.00
# Visual Studio 15
VisualStudioVersion = 15.0.28307.438
MinimumVisualStudioVersion = 10.0.40219.1
Project("{FAE04EC0-301F-11D3-BF4B-00C04F79EFBC}") = "WcfService", "WcfService\WcfService.csproj", "{0BDC1748-AB71-4E1E-9B5D-786735692C20}"
EndProject
Project("{FAE04EC0-301F-11D3-BF4B-00C04F79EFBC}") = "CurrencyConverter", "CurrencyConverter\CurrencyConverter.csproj", "{81163819-2A4C-4230-9105-C73EB2293816}"
EndProject
Global
	GlobalSection(SolutionConfigurationPlatforms) = preSolution
		Debug|Any CPU = Debug|Any CPU
		Release|Any CPU = Release|Any CPU
	EndGlobalSection
	GlobalSection(ProjectConfigurationPlatforms) = postSolution
		{0BDC1748-AB71-4E1E-9B5D-786735692C20}.Debug|Any CPU.ActiveCfg = Debug|Any CPU
		{0BDC1748-AB71-4E1E-9B5D-786735692C20}.Debug|Any CPU.Build.0 = Debug|Any CPU
		{0BDC1748-AB71-4E1E-9B5D-786735692C20}.Release|Any CPU.ActiveCfg = Release|Any CPU
		{0BDC1748-AB71-4E1E-9B5D-786735692C20}.Release|Any CPU.Build.0 = Release|Any CPU
		{81163819-2A4C-4230-9105-C73EB2293816}.Debug|Any CPU.ActiveCfg = Debug|Any CPU
		{81163819-2A4C-4230-9105-C73EB2293816}.Debug|Any CPU.Build.0 = Debug|Any CPU
		{81163819-2A4C-4230-9105-C73EB2293816}.Release|Any CPU.ActiveCfg = Release|Any CPU
		{81163819-2A4C-4230-9105-C73EB2293816}.Release|Any CPU.Build.0 = Release|Any CPU
	EndGlobalSection
	GlobalSection(SolutionProperties) = preSolution
		HideSolutionNode = FALSE
	EndGlobalSection
	GlobalSection(ExtensibilityGlobals) = postSolution
		SolutionGuid = {59C94478-2FF7-42B3-899B-52D37DE1299F}
	EndGlobalSection
EndGlobal
